lockfileVersion: '6.0'

settings:
  autoInstallPeers: true
  excludeLinksFromLockfile: false

importers:

  .: {}

  packages/http-modules:
    dependencies:
      '@vue/compiler-dom':
        specifier: 3.2.44
        version: 3.2.44
      '@vue/runtime-core':
        specifier: 3.2.44
        version: 3.2.44
      '@vue/runtime-dom':
        specifier: 3.2.44
        version: 3.2.44
      axios:
        specifier: ^0.27.2
        version: 0.27.2
      axios-retry:
        specifier: ^4.3.0
        version: 4.4.2(axios@0.27.2)
      class-validator:
        specifier: ~0.14.1
        version: 0.14.1
      dayjs:
        specifier: ^1.11.7
        version: 1.11.12
      reflect-metadata:
        specifier: ~0.2.2
        version: 0.2.2
      uuid:
        specifier: ^9.0.0
        version: 9.0.1
      vue:
        specifier: ^3.2.44
        version: 3.4.34

  packages/vue3-class-component:
    dependencies:
      '@vue/compiler-dom':
        specifier: 3.2.44
        version: 3.2.44
      '@vue/runtime-core':
        specifier: 3.2.44
        version: 3.2.44
      '@vue/runtime-dom':
        specifier: 3.2.44
        version: 3.2.44
      axios:
        specifier: ^0.27.2
        version: 0.27.2
      axios-retry:
        specifier: ^4.3.0
        version: 4.4.2(axios@0.27.2)
      class-validator:
        specifier: ~0.14.1
        version: 0.14.1
      dayjs:
        specifier: ^1.11.7
        version: 1.11.12
      reflect-metadata:
        specifier: ~0.2.2
        version: 0.2.2
      uuid:
        specifier: ^9.0.0
        version: 9.0.1
      vue:
        specifier: ^3.2.44
        version: 3.4.34

packages:

  /@babel/helper-string-parser@7.24.8:
    resolution: {integrity: sha512-pO9KhhRcuUyGnJWwyEgnRJTSIZHiT+vMD0kPeD+so0l7mxkMT19g3pjY9GTnHySck/hDzq+dtW/4VgnMkippsQ==}
    engines: {node: '>=6.9.0'}
    dev: false

  /@babel/helper-validator-identifier@7.24.7:
    resolution: {integrity: sha512-rR+PBcQ1SMQDDyF6X0wxtG8QyLCgUB0eRAGguqRLfkCA87l7yAP7ehq8SNj96OOGTO8OBV70KhuFYcIkHXOg0w==}
    engines: {node: '>=6.9.0'}
    dev: false

  /@babel/parser@7.24.8:
    resolution: {integrity: sha512-WzfbgXOkGzZiXXCqk43kKwZjzwx4oulxZi3nq2TYL9mOjQv6kYwul9mz6ID36njuL7Xkp6nJEfok848Zj10j/w==}
    engines: {node: '>=6.0.0'}
    hasBin: true
    dependencies:
      '@babel/types': 7.24.9
    dev: false

  /@babel/types@7.24.9:
    resolution: {integrity: sha512-xm8XrMKz0IlUdocVbYJe0Z9xEgidU7msskG8BbhnTPK/HZ2z/7FP7ykqPgrUH+C+r414mNfNWam1f2vqOjqjYQ==}
    engines: {node: '>=6.9.0'}
    dependencies:
      '@babel/helper-string-parser': 7.24.8
      '@babel/helper-validator-identifier': 7.24.7
      to-fast-properties: 2.0.0
    dev: false

  /@jridgewell/sourcemap-codec@1.5.0:
    resolution: {integrity: sha512-gv3ZRaISU3fjPAgNsriBRqGWQL6quFx04YMPW/zD8XMLsU32mhCCbfbO6KZFLjvYpCZ8zyDEgqsgf+PwPaM7GQ==}
    dev: false

  /@types/validator@13.12.0:
    resolution: {integrity: sha512-nH45Lk7oPIJ1RVOF6JgFI6Dy0QpHEzq4QecZhvguxYPDwT8c93prCMqAtiIttm39voZ+DDR+qkNnMpJmMBRqag==}
    dev: false

  /@vue/compiler-core@3.2.44:
    resolution: {integrity: sha512-TwzeVSnaklb8wIvMtwtkPkt9wnU+XD70xJ7N9+eIHtjKAG7OoZttm+14ZL6vWOL+2RcMtSZ+cYH+gvkUqsrmSQ==}
    dependencies:
      '@babel/parser': 7.24.8
      '@vue/shared': 3.2.44
      estree-walker: 2.0.2
      source-map: 0.6.1
    dev: false

  /@vue/compiler-core@3.4.34:
    resolution: {integrity: sha512-Z0izUf32+wAnQewjHu+pQf1yw00EGOmevl1kE+ljjjMe7oEfpQ+BI3/JNK7yMB4IrUsqLDmPecUrpj3mCP+yJQ==}
    dependencies:
      '@babel/parser': 7.24.8
      '@vue/shared': 3.4.34
      entities: 4.5.0
      estree-walker: 2.0.2
      source-map-js: 1.2.0
    dev: false

  /@vue/compiler-dom@3.2.44:
    resolution: {integrity: sha512-wPDR+gOn2Qi7SudPJ+gE62vuO/aKXIiIFALvHpztXmDdbAHGy3CDfmBgOGchTgTlSeDJHe9olEMkgOdmyXTjUg==}
    dependencies:
      '@vue/compiler-core': 3.2.44
      '@vue/shared': 3.2.44
    dev: false

  /@vue/compiler-dom@3.4.34:
    resolution: {integrity: sha512-3PUOTS1h5cskdOJMExCu2TInXuM0j60DRPpSCJDqOCupCfUZCJoyQmKtRmA8EgDNZ5kcEE7vketamRZfrEuVDw==}
    dependencies:
      '@vue/compiler-core': 3.4.34
      '@vue/shared': 3.4.34
    dev: false

  /@vue/compiler-sfc@3.4.34:
    resolution: {integrity: sha512-x6lm0UrM03jjDXTPZgD9Ad8bIVD1ifWNit2EaWQIZB5CULr46+FbLQ5RpK7AXtDHGjx9rmvC7QRCTjsiGkAwRw==}
    dependencies:
      '@babel/parser': 7.24.8
      '@vue/compiler-core': 3.4.34
      '@vue/compiler-dom': 3.4.34
      '@vue/compiler-ssr': 3.4.34
      '@vue/shared': 3.4.34
      estree-walker: 2.0.2
      magic-string: 0.30.10
      postcss: 8.4.40
      source-map-js: 1.2.0
    dev: false

  /@vue/compiler-ssr@3.4.34:
    resolution: {integrity: sha512-8TDBcLaTrFm5rnF+Qm4BlliaopJgqJ28Nsrc80qazynm5aJO+Emu7y0RWw34L8dNnTRdcVBpWzJxhGYzsoVu4g==}
    dependencies:
      '@vue/compiler-dom': 3.4.34
      '@vue/shared': 3.4.34
    dev: false

  /@vue/reactivity@3.2.44:
    resolution: {integrity: sha512-Fe0s52fTsPl+RSdvoqUZ3HRKlaVsKhIh1mea5EWOedFvZCjnymzlj3YC1wZMxi89qXRFSdEASVA/BWUGypk0Ig==}
    dependencies:
      '@vue/shared': 3.2.44
    dev: false

  /@vue/reactivity@3.4.34:
    resolution: {integrity: sha512-ua+Lo+wBRlBEX9TtgPOShE2JwIO7p6BTZ7t1KZVPoaBRfqbC7N3c8Mpzicx173fXxx5VXeU6ykiHo7WgLzJQDA==}
    dependencies:
      '@vue/shared': 3.4.34
    dev: false

  /@vue/runtime-core@3.2.44:
    resolution: {integrity: sha512-uwEV1cttL33k2dC+CNGYhKEYqGejT9KmgQ+4n/LmYUfZ1Gorl8F32DlIX+1pANyGHL1tBAisqHDxKyQBp2oBNA==}
    dependencies:
      '@vue/reactivity': 3.2.44
      '@vue/shared': 3.2.44
    dev: false

  /@vue/runtime-core@3.4.34:
    resolution: {integrity: sha512-PXhkiRPwcPGJ1BnyBZFI96GfInCVskd0HPNIAZn7i3YOmLbtbTZpB7/kDTwC1W7IqdGPkTVC63IS7J2nZs4Ebg==}
    dependencies:
      '@vue/reactivity': 3.4.34
      '@vue/shared': 3.4.34
    dev: false

  /@vue/runtime-dom@3.2.44:
    resolution: {integrity: sha512-LDzNwXpU/nSpxrLk5jS0bfStgt88msgsgFzj6vHrl7es3QktIrCGybQS5CB/p/TO0q98iAiYtEVmi+Lej7Vgjg==}
    dependencies:
      '@vue/runtime-core': 3.2.44
      '@vue/shared': 3.2.44
      csstype: 2.6.21
    dev: false

  /@vue/runtime-dom@3.4.34:
    resolution: {integrity: sha512-dXqIe+RqFAK2Euak4UsvbIupalrhc67OuQKpD7HJ3W2fv8jlqvI7szfBCsAEcE8o/wyNpkloxB6J8viuF/E3gw==}
    dependencies:
      '@vue/reactivity': 3.4.34
      '@vue/runtime-core': 3.4.34
      '@vue/shared': 3.4.34
      csstype: 3.1.3
    dev: false

  /@vue/server-renderer@3.4.34(vue@3.4.34):
    resolution: {integrity: sha512-GeyEUfMVRZMD/mZcNONEqg7MiU10QQ1DB3O/Qr6+8uXpbwdlmVgQ5Qs1/ZUAFX1X2UUtqMoGrDRbxdWfOJFT7Q==}
    peerDependencies:
      vue: 3.4.34
    dependencies:
      '@vue/compiler-ssr': 3.4.34
      '@vue/shared': 3.4.34
      vue: 3.4.34
    dev: false

  /@vue/shared@3.2.44:
    resolution: {integrity: sha512-mGZ44bnn0zpZ36nXtxbrBPno43yr96wjQE1dBEKS1Sieugt27HS4OGZVBRIgsdGzosB7vqZAvu0ttu1FDVdolA==}
    dev: false

  /@vue/shared@3.4.34:
    resolution: {integrity: sha512-x5LmiRLpRsd9KTjAB8MPKf0CDPMcuItjP0gbNqFCIgL1I8iYp4zglhj9w9FPCdIbHG2M91RVeIbArFfFTz9I3A==}
    dev: false

  /asynckit@0.4.0:
    resolution: {integrity: sha512-Oei9OH4tRh0YqU3GxhX79dM/mwVgvbZJaSNaRk+bshkj0S5cfHcgYakreBjrHwatXKbz+IoIdYLxrKim2MjW0Q==}
    dev: false

  /axios-retry@4.4.2(axios@0.27.2):
    resolution: {integrity: sha512-2fjo9uDNBQjX8+GMEGOFG5TrLMZ3QijjeRYcgBI2MhrsabnvcIAfLxxIhG7+CCD68vPEQY3IM2llV70ZsrqPvA==}
    peerDependencies:
      axios: 0.x || 1.x
    dependencies:
      axios: 0.27.2
      is-retry-allowed: 2.2.0
    dev: false

  /axios@0.27.2:
    resolution: {integrity: sha512-t+yRIyySRTp/wua5xEr+z1q60QmLq8ABsS5O9Me1AsE5dfKqgnCFzwiCZZ/cGNd1lq4/7akDWMxdhVlucjmnOQ==}
    dependencies:
      follow-redirects: 1.15.6
      form-data: 4.0.0
    transitivePeerDependencies:
      - debug
    dev: false

  /class-validator@0.14.1:
    resolution: {integrity: sha512-2VEG9JICxIqTpoK1eMzZqaV+u/EiwEJkMGzTrZf6sU/fwsnOITVgYJ8yojSy6CaXtO9V0Cc6ZQZ8h8m4UBuLwQ==}
    dependencies:
      '@types/validator': 13.12.0
      libphonenumber-js: 1.11.4
      validator: 13.12.0
    dev: false

  /combined-stream@1.0.8:
    resolution: {integrity: sha512-FQN4MRfuJeHf7cBbBMJFXhKSDq+2kAArBlmRBvcvFE5BB1HZKXtSFASDhdlz9zOYwxh8lDdnvmMOe/+5cdoEdg==}
    engines: {node: '>= 0.8'}
    dependencies:
      delayed-stream: 1.0.0
    dev: false

  /csstype@2.6.21:
    resolution: {integrity: sha512-Z1PhmomIfypOpoMjRQB70jfvy/wxT50qW08YXO5lMIJkrdq4yOTR+AW7FqutScmB9NkLwxo+jU+kZLbofZZq/w==}
    dev: false

  /csstype@3.1.3:
    resolution: {integrity: sha512-M1uQkMl8rQK/szD0LNhtqxIPLpimGm8sOBwU7lLnCpSbTyY3yeU1Vc7l4KT5zT4s/yOxHH5O7tIuuLOCnLADRw==}
    dev: false

  /dayjs@1.11.12:
    resolution: {integrity: sha512-Rt2g+nTbLlDWZTwwrIXjy9MeiZmSDI375FvZs72ngxx8PDC6YXOeR3q5LAuPzjZQxhiWdRKac7RKV+YyQYfYIg==}
    dev: false

  /delayed-stream@1.0.0:
    resolution: {integrity: sha512-ZySD7Nf91aLB0RxL4KGrKHBXl7Eds1DAmEdcoVawXnLD7SDhpNgtuII2aAkg7a7QS41jxPSZ17p4VdGnMHk3MQ==}
    engines: {node: '>=0.4.0'}
    dev: false

  /entities@4.5.0:
    resolution: {integrity: sha512-V0hjH4dGPh9Ao5p0MoRY6BVqtwCjhz6vI5LT8AJ55H+4g9/4vbHx1I54fS0XuclLhDHArPQCiMjDxjaL8fPxhw==}
    engines: {node: '>=0.12'}
    dev: false

  /estree-walker@2.0.2:
    resolution: {integrity: sha512-Rfkk/Mp/DL7JVje3u18FxFujQlTNR2q6QfMSMB7AvCBx91NGj/ba3kCfza0f6dVDbw7YlRf/nDrn7pQrCCyQ/w==}
    dev: false

  /follow-redirects@1.15.6:
    resolution: {integrity: sha512-wWN62YITEaOpSK584EZXJafH1AGpO8RVgElfkuXbTOrPX4fIfOyEpW/CsiNd8JdYrAoOvafRTOEnvsO++qCqFA==}
    engines: {node: '>=4.0'}
    peerDependencies:
      debug: '*'
    peerDependenciesMeta:
      debug:
        optional: true
    dev: false

  /form-data@4.0.0:
    resolution: {integrity: sha512-ETEklSGi5t0QMZuiXoA/Q6vcnxcLQP5vdugSpuAyi6SVGi2clPPp+xgEhuMaHC+zGgn31Kd235W35f7Hykkaww==}
    engines: {node: '>= 6'}
    dependencies:
      asynckit: 0.4.0
      combined-stream: 1.0.8
      mime-types: 2.1.35
    dev: false

  /is-retry-allowed@2.2.0:
    resolution: {integrity: sha512-XVm7LOeLpTW4jV19QSH38vkswxoLud8sQ57YwJVTPWdiaI9I8keEhGFpBlslyVsgdQy4Opg8QOLb8YRgsyZiQg==}
    engines: {node: '>=10'}
    dev: false

  /libphonenumber-js@1.11.4:
    resolution: {integrity: sha512-F/R50HQuWWYcmU/esP5jrH5LiWYaN7DpN0a/99U8+mnGGtnx8kmRE+649dQh3v+CowXXZc8vpkf5AmYkO0AQ7Q==}
    dev: false

  /magic-string@0.30.10:
    resolution: {integrity: sha512-iIRwTIf0QKV3UAnYK4PU8uiEc4SRh5jX0mwpIwETPpHdhVM4f53RSwS/vXvN1JhGX+Cs7B8qIq3d6AH49O5fAQ==}
    dependencies:
      '@jridgewell/sourcemap-codec': 1.5.0
    dev: false

  /mime-db@1.52.0:
    resolution: {integrity: sha512-sPU4uV7dYlvtWJxwwxHD0PuihVNiE7TyAbQ5SWxDCB9mUYvOgroQOwYQQOKPJ8CIbE+1ETVlOoK1UC2nU3gYvg==}
    engines: {node: '>= 0.6'}
    dev: false

  /mime-types@2.1.35:
    resolution: {integrity: sha512-ZDY+bPm5zTTF+YpCrAU9nK0UgICYPT0QtT1NZWFv4s++TNkcgVaT0g6+4R2uI4MjQjzysHB1zxuWL50hzaeXiw==}
    engines: {node: '>= 0.6'}
    dependencies:
      mime-db: 1.52.0
    dev: false

  /nanoid@3.3.7:
    resolution: {integrity: sha512-eSRppjcPIatRIMC1U6UngP8XFcz8MQWGQdt1MTBQ7NaAmvXDfvNxbvWV3x2y6CdEUciCSsDHDQZbhYaB8QEo2g==}
    engines: {node: ^10 || ^12 || ^13.7 || ^14 || >=15.0.1}
    hasBin: true
    dev: false

  /picocolors@1.0.1:
    resolution: {integrity: sha512-anP1Z8qwhkbmu7MFP5iTt+wQKXgwzf7zTyGlcdzabySa9vd0Xt392U0rVmz9poOaBj0uHJKyyo9/upk0HrEQew==}
    dev: false

  /postcss@8.4.40:
    resolution: {integrity: sha512-YF2kKIUzAofPMpfH6hOi2cGnv/HrUlfucspc7pDyvv7kGdqXrfj8SCl/t8owkEgKEuu8ZcRjSOxFxVLqwChZ2Q==}
    engines: {node: ^10 || ^12 || >=14}
    dependencies:
      nanoid: 3.3.7
      picocolors: 1.0.1
      source-map-js: 1.2.0
    dev: false

  /reflect-metadata@0.2.2:
    resolution: {integrity: sha512-urBwgfrvVP/eAyXx4hluJivBKzuEbSQs9rKWCrCkbSxNv8mxPcUZKeuoF3Uy4mJl3Lwprp6yy5/39VWigZ4K6Q==}
    dev: false

  /source-map-js@1.2.0:
    resolution: {integrity: sha512-itJW8lvSA0TXEphiRoawsCksnlf8SyvmFzIhltqAHluXd88pkCd+cXJVHTDwdCr0IzwptSm035IHQktUu1QUMg==}
    engines: {node: '>=0.10.0'}
    dev: false

  /source-map@0.6.1:
    resolution: {integrity: sha512-UjgapumWlbMhkBgzT7Ykc5YXUT46F0iKu8SGXq0bcwP5dz/h0Plj6enJqjz1Zbq2l5WaqYnrVbwWOWMyF3F47g==}
    engines: {node: '>=0.10.0'}
    dev: false

  /to-fast-properties@2.0.0:
    resolution: {integrity: sha512-/OaKK0xYrs3DmxRYqL/yDc+FxFUVYhDlXMhRmv3z915w2HF1tnN1omB354j8VUGO/hbRzyD6Y3sA7v7GS/ceog==}
    engines: {node: '>=4'}
    dev: false

  /uuid@9.0.1:
    resolution: {integrity: sha512-b+1eJOlsR9K8HJpow9Ok3fiWOWSIcIzXodvv0rQjVoOVNpWMpxf1wZNpt4y9h10odCNrqnYp1OBzRktckBe3sA==}
    hasBin: true
    dev: false

  /validator@13.12.0:
    resolution: {integrity: sha512-c1Q0mCiPlgdTVVVIJIrBuxNicYE+t/7oKeI9MWLj3fh/uq2Pxh/3eeWbVZ4OcGW1TUf53At0njHw5SMdA3tmMg==}
    engines: {node: '>= 0.10'}
    dev: false

  /vue@3.4.34:
    resolution: {integrity: sha512-VZze05HWlA3ItreQ/ka7Sx7PoD0/3St8FEiSlSTVgb6l4hL+RjtP2/8g5WQBzZgyf8WG2f+g1bXzC7zggLhAJA==}
    peerDependencies:
      typescript: '*'
    peerDependenciesMeta:
      typescript:
        optional: true
    dependencies:
      '@vue/compiler-dom': 3.4.34
      '@vue/compiler-sfc': 3.4.34
      '@vue/runtime-dom': 3.4.34
      '@vue/server-renderer': 3.4.34(vue@3.4.34)
      '@vue/shared': 3.4.34
    dev: false
